
Microsoft Visual Studio Solution File, Format Version 12.00
# Visual Studio 2012
Project("{8BC9CEB8-8B4A-11D0-8D11-00A0C91BC942}") = "Element_Capture_with_Pressure", "Element_Capture_with_Pressure\Element_Capture_with_Pressure.vcxproj", "{03B8BB63-B560-43B9-A972-148B224CAC5A}"
EndProject
Global
	GlobalSection(SolutionConfigurationPlatforms) = preSolution
		Debug|Win32 = Debug|Win32
		Release|Win32 = Release|Win32
	EndGlobalSection
	GlobalSection(ProjectConfigurationPlatforms) = postSolution
		{03B8BB63-B560-43B9-A972-148B224CAC5A}.Debug|Win32.ActiveCfg = Debug|Win32
		{03B8BB63-B560-43B9-A972-148B224CAC5A}.Debug|Win32.Build.0 = Debug|Win32
		{03B8BB63-B560-43B9-A972-148B224CAC5A}.Release|Win32.ActiveCfg = Release|Win32
		{03B8BB63-B560-43B9-A972-148B224CAC5A}.Release|Win32.Build.0 = Release|Win32
	EndGlobalSection
	GlobalSection(SolutionProperties) = preSolution
		HideSolutionNode = FALSE
	EndGlobalSection
EndGlobal
